
Microsoft Visual Studio Solution File, Format Version 12.00
# Visual Studio Version 16
VisualStudioVersion = 16.0.30907.101
MinimumVisualStudioVersion = 10.0.40219.1
Project("{FAE04EC0-301F-11D3-BF4B-00C04F79EFBC}") = "EmployeeManagement", "EmployeeManagement\EmployeeManagement.csproj", "{6FDDBEC2-D7A6-4BA5-AAFD-8C17BEA52FC0}"
EndProject
Global
	GlobalSection(SolutionConfigurationPlatforms) = preSolution
		Debug|Any CPU = Debug|Any CPU
		Release|Any CPU = Release|Any CPU
	EndGlobalSection
	GlobalSection(ProjectConfigurationPlatforms) = postSolution
		{6FDDBEC2-D7A6-4BA5-AAFD-8C17BEA52FC0}.Debug|Any CPU.ActiveCfg = Debug|Any CPU
		{6FDDBEC2-D7A6-4BA5-AAFD-8C17BEA52FC0}.Debug|Any CPU.Build.0 = Debug|Any CPU
		{6FDDBEC2-D7A6-4BA5-AAFD-8C17BEA52FC0}.Release|Any CPU.ActiveCfg = Release|Any CPU
		{6FDDBEC2-D7A6-4BA5-AAFD-8C17BEA52FC0}.Release|Any CPU.Build.0 = Release|Any CPU
	EndGlobalSection
	GlobalSection(SolutionProperties) = preSolution
		HideSolutionNode = FALSE
	EndGlobalSection
	GlobalSection(ExtensibilityGlobals) = postSolution
		SolutionGuid = {96E3E4A5-7776-4460-A354-994F1BA69A16}
	EndGlobalSection
EndGlobal
